
Microsoft Visual Studio Solution File, Format Version 12.00
# Visual Studio Version 17
VisualStudioVersion = 17.4.33110.190
MinimumVisualStudioVersion = 10.0.40219.1
Project("{9A19103F-16F7-4668-BE54-9A1E7A4F7556}") = "BookLibrary.Api", "BookLibrary.Api\BookLibrary.Api.csproj", "{4D24122A-0DCC-4D28-AA05-6BB9601C1171}"
EndProject
Project("{FAE04EC0-301F-11D3-BF4B-00C04F79EFBC}") = "BookLibrary.Data", "BookLibrary.Data\BookLibrary.Data.csproj", "{D8342D0A-EA5E-4A85-B247-642C16823261}"
EndProject
Project("{FAE04EC0-301F-11D3-BF4B-00C04F79EFBC}") = "BookLibrary.Common", "BookLibrary.Common\BookLibrary.Common.csproj", "{CEC957BD-B9F6-47DE-8D60-B9D0F1231DB1}"
EndProject
Project("{FAE04EC0-301F-11D3-BF4B-00C04F79EFBC}") = "BookLibrary.Tests.Data", "BookLibrary.Tests.Data\BookLibrary.Tests.Data.csproj", "{A4DE4187-5A84-4265-870F-454B6FBFB3CC}"
EndProject
Global
	GlobalSection(SolutionConfigurationPlatforms) = preSolution
		Debug|Any CPU = Debug|Any CPU
		Release|Any CPU = Release|Any CPU
	EndGlobalSection
	GlobalSection(ProjectConfigurationPlatforms) = postSolution
		{4D24122A-0DCC-4D28-AA05-6BB9601C1171}.Debug|Any CPU.ActiveCfg = Debug|Any CPU
		{4D24122A-0DCC-4D28-AA05-6BB9601C1171}.Debug|Any CPU.Build.0 = Debug|Any CPU
		{4D24122A-0DCC-4D28-AA05-6BB9601C1171}.Release|Any CPU.ActiveCfg = Release|Any CPU
		{4D24122A-0DCC-4D28-AA05-6BB9601C1171}.Release|Any CPU.Build.0 = Release|Any CPU
		{D8342D0A-EA5E-4A85-B247-642C16823261}.Debug|Any CPU.ActiveCfg = Debug|Any CPU
		{D8342D0A-EA5E-4A85-B247-642C16823261}.Debug|Any CPU.Build.0 = Debug|Any CPU
		{D8342D0A-EA5E-4A85-B247-642C16823261}.Release|Any CPU.ActiveCfg = Release|Any CPU
		{D8342D0A-EA5E-4A85-B247-642C16823261}.Release|Any CPU.Build.0 = Release|Any CPU
		{CEC957BD-B9F6-47DE-8D60-B9D0F1231DB1}.Debug|Any CPU.ActiveCfg = Debug|Any CPU
		{CEC957BD-B9F6-47DE-8D60-B9D0F1231DB1}.Debug|Any CPU.Build.0 = Debug|Any CPU
		{CEC957BD-B9F6-47DE-8D60-B9D0F1231DB1}.Release|Any CPU.ActiveCfg = Release|Any CPU
		{CEC957BD-B9F6-47DE-8D60-B9D0F1231DB1}.Release|Any CPU.Build.0 = Release|Any CPU
		{A4DE4187-5A84-4265-870F-454B6FBFB3CC}.Debug|Any CPU.ActiveCfg = Debug|Any CPU
		{A4DE4187-5A84-4265-870F-454B6FBFB3CC}.Debug|Any CPU.Build.0 = Debug|Any CPU
		{A4DE4187-5A84-4265-870F-454B6FBFB3CC}.Release|Any CPU.ActiveCfg = Release|Any CPU
		{A4DE4187-5A84-4265-870F-454B6FBFB3CC}.Release|Any CPU.Build.0 = Release|Any CPU
	EndGlobalSection
	GlobalSection(SolutionProperties) = preSolution
		HideSolutionNode = FALSE
	EndGlobalSection
	GlobalSection(ExtensibilityGlobals) = postSolution
		SolutionGuid = {C2821761-9CF2-4195-98A1-9AD0F8AFD164}
	EndGlobalSection
EndGlobal
